// !$*UTF8*$!
{
	archiveVersion = 1;
	classes = {
	};
	objectVersion = 46;
	objects = {

/* Begin PBXBuildFile section */
		63C69DD31C7D039800556765 /* AppDelegate.swift in Sources */ = {isa = PBXBuildFile; fileRef = 63C69DD21C7D039800556765 /* AppDelegate.swift */; };
		63C69DD51C7D039800556765 /* SplashView.swift in Sources */ = {isa = PBXBuildFile; fileRef = 63C69DD41C7D039800556765 /* SplashView.swift */; };
		63C69DDA1C7D039800556765 /* Assets.xcassets in Resources */ = {isa = PBXBuildFile; fileRef = 63C69DD91C7D039800556765 /* Assets.xcassets */; };
		63C69DDD1C7D039800556765 /* LaunchScreen.storyboard in Resources */ = {isa = PBXBuildFile; fileRef = 63C69DDB1C7D039800556765 /* LaunchScreen.storyboard */; };
		63C69DE51C7D68D500556765 /* LoginSlides.swift in Sources */ = {isa = PBXBuildFile; fileRef = 63C69DE41C7D68D500556765 /* LoginSlides.swift */; };
		63C69DEA1C7D7FCA00556765 /* Security.framework in Frameworks */ = {isa = PBXBuildFile; fileRef = 63C69DE81C7D7FCA00556765 /* Security.framework */; };
		63C69DEB1C7D7FCA00556765 /* SystemConfiguration.framework in Frameworks */ = {isa = PBXBuildFile; fileRef = 63C69DE91C7D7FCA00556765 /* SystemConfiguration.framework */; };
		63C69DEE1C7D800900556765 /* StoreKit.framework in Frameworks */ = {isa = PBXBuildFile; fileRef = 63C69DED1C7D800900556765 /* StoreKit.framework */; };
		63C69DF01C7D801900556765 /* QuartzCore.framework in Frameworks */ = {isa = PBXBuildFile; fileRef = 63C69DEF1C7D801900556765 /* QuartzCore.framework */; };
		63C69DF31C7D802F00556765 /* CoreGraphics.framework in Frameworks */ = {isa = PBXBuildFile; fileRef = 63C69DF11C7D802F00556765 /* CoreGraphics.framework */; };
		63C69DF41C7D802F00556765 /* CoreLocation.framework in Frameworks */ = {isa = PBXBuildFile; fileRef = 63C69DF21C7D802F00556765 /* CoreLocation.framework */; };
		63C69DF61C7D803F00556765 /* CFNetwork.framework in Frameworks */ = {isa = PBXBuildFile; fileRef = 63C69DF51C7D803F00556765 /* CFNetwork.framework */; };
		63C69DF81C7D805300556765 /* AudioToolbox.framework in Frameworks */ = {isa = PBXBuildFile; fileRef = 63C69DF71C7D805300556765 /* AudioToolbox.framework */; };
		63C69DFA1C7D871F00556765 /* LogInView.swift in Sources */ = {isa = PBXBuildFile; fileRef = 63C69DF91C7D871F00556765 /* LogInView.swift */; };
		63C69DFC1C7D872F00556765 /* SignUpView.swift in Sources */ = {isa = PBXBuildFile; fileRef = 63C69DFB1C7D872F00556765 /* SignUpView.swift */; };
		63C69DFE1C7D874000556765 /* SettingsView.swift in Sources */ = {isa = PBXBuildFile; fileRef = 63C69DFD1C7D873F00556765 /* SettingsView.swift */; };
		63C69E001C7D874F00556765 /* ResetPasswordView.swift in Sources */ = {isa = PBXBuildFile; fileRef = 63C69DFF1C7D874F00556765 /* ResetPasswordView.swift */; };
		63C69E021C7E171000556765 /* frontPostcard.swift in Sources */ = {isa = PBXBuildFile; fileRef = 63C69E011C7E171000556765 /* frontPostcard.swift */; };
		63C69E041C7E178200556765 /* backPostcard.swift in Sources */ = {isa = PBXBuildFile; fileRef = 63C69E031C7E178200556765 /* backPostcard.swift */; };
		63C69E061C7E17A400556765 /* selectContacts.swift in Sources */ = {isa = PBXBuildFile; fileRef = 63C69E051C7E17A400556765 /* selectContacts.swift */; };
		63C69E081C7E17B300556765 /* addContacts.swift in Sources */ = {isa = PBXBuildFile; fileRef = 63C69E071C7E17B300556765 /* addContacts.swift */; };
		63C69E0A1C7E17F800556765 /* summaryView.swift in Sources */ = {isa = PBXBuildFile; fileRef = 63C69E091C7E17F800556765 /* summaryView.swift */; };
		63C69E0E1C7E217E00556765 /* configs.swift in Sources */ = {isa = PBXBuildFile; fileRef = 63C69E0D1C7E217E00556765 /* configs.swift */; };
		63C69E101C7EB68800556765 /* AVFoundation.framework in Frameworks */ = {isa = PBXBuildFile; fileRef = 63C69E0F1C7EB68800556765 /* AVFoundation.framework */; };
		63C69E121C7EB6AB00556765 /* Accelerate.framework in Frameworks */ = {isa = PBXBuildFile; fileRef = 63C69E111C7EB6AB00556765 /* Accelerate.framework */; };
		63C69E141C7EB6BA00556765 /* CoreMedia.framework in Frameworks */ = {isa = PBXBuildFile; fileRef = 63C69E131C7EB6BA00556765 /* CoreMedia.framework */; };
		63C69E161C7EB6C800556765 /* MobileCoreServices.framework in Frameworks */ = {isa = PBXBuildFile; fileRef = 63C69E151C7EB6C800556765 /* MobileCoreServices.framework */; };
		63C69E181C7EB6D500556765 /* SafariServices.framework in Frameworks */ = {isa = PBXBuildFile; fileRef = 63C69E171C7EB6D500556765 /* SafariServices.framework */; };
		63C69E391C7EB93A00556765 /* SingleImageView.xib in Resources */ = {isa = PBXBuildFile; fileRef = 63C69E301C7EB93A00556765 /* SingleImageView.xib */; };
		63C69E3A1C7EB93A00556765 /* ThreeImagesView.xib in Resources */ = {isa = PBXBuildFile; fileRef = 63C69E311C7EB93A00556765 /* ThreeImagesView.xib */; };
		63C69E3B1C7EB93A00556765 /* TwoImagesView.xib in Resources */ = {isa = PBXBuildFile; fileRef = 63C69E321C7EB93A00556765 /* TwoImagesView.xib */; };
		63C69E3C1C7EB93A00556765 /* CustomeScrollView.swift in Sources */ = {isa = PBXBuildFile; fileRef = 63C69E331C7EB93A00556765 /* CustomeScrollView.swift */; };
		63C69E3D1C7EB93A00556765 /* SingleImageView.swift in Sources */ = {isa = PBXBuildFile; fileRef = 63C69E351C7EB93A00556765 /* SingleImageView.swift */; };
		63C69E3E1C7EB93A00556765 /* ThreeImagesView.swift in Sources */ = {isa = PBXBuildFile; fileRef = 63C69E361C7EB93A00556765 /* ThreeImagesView.swift */; };
		63C69E3F1C7EB93A00556765 /* TwoImagesView.swift in Sources */ = {isa = PBXBuildFile; fileRef = 63C69E371C7EB93A00556765 /* TwoImagesView.swift */; };
		63C69E461C7ECE4E00556765 /* libz.tbd in Frameworks */ = {isa = PBXBuildFile; fileRef = 63C69E451C7ECE4E00556765 /* libz.tbd */; };
		63C69E481C7ECE5A00556765 /* libsqlite3.tbd in Frameworks */ = {isa = PBXBuildFile; fileRef = 63C69E471C7ECE5A00556765 /* libsqlite3.tbd */; };
		63C69E591C7ED07000556765 /* MessageUI.framework in Frameworks */ = {isa = PBXBuildFile; fileRef = 63C69E581C7ED07000556765 /* MessageUI.framework */; };
		B4C71A64D4EFD8CCE48FBE8F /* Pods.framework in Frameworks */ = {isa = PBXBuildFile; fileRef = 66FEDEFD1536DFE5B5556FFF /* Pods.framework */; };
		B60CDCC51CBE0B190086B730 /* Postcard.swift in Sources */ = {isa = PBXBuildFile; fileRef = B60CDCC41CBE0B190086B730 /* Postcard.swift */; };
		B60CDCC71CC137500086B730 /* PaymentController.swift in Sources */ = {isa = PBXBuildFile; fileRef = B60CDCC61CC137500086B730 /* PaymentController.swift */; };
		B60CDCC91CC1489C0086B730 /* Contact.swift in Sources */ = {isa = PBXBuildFile; fileRef = B60CDCC81CC1489C0086B730 /* Contact.swift */; };
		B6B463D01CC9B52B0011EA83 /* KeychainWrapper.m in Sources */ = {isa = PBXBuildFile; fileRef = B6B463CF1CC9B52B0011EA83 /* KeychainWrapper.m */; };
		B6B463D21CC9D3920011EA83 /* messageDelegate.swift in Sources */ = {isa = PBXBuildFile; fileRef = B6B463D11CC9D3920011EA83 /* messageDelegate.swift */; };
		B6B463D41CC9EA890011EA83 /* ConfirmationController.swift in Sources */ = {isa = PBXBuildFile; fileRef = B6B463D31CC9EA890011EA83 /* ConfirmationController.swift */; };
		B6F9CF811CAE36DA004C2DC6 /* NetworkOperation.swift in Sources */ = {isa = PBXBuildFile; fileRef = B6F9CF801CAE36DA004C2DC6 /* NetworkOperation.swift */; };
		B6F9CF831CAE37BE004C2DC6 /* AuthenticationOperation.swift in Sources */ = {isa = PBXBuildFile; fileRef = B6F9CF821CAE37BE004C2DC6 /* AuthenticationOperation.swift */; };
		B6F9CF851CB0290C004C2DC6 /* Main.storyboard in Resources */ = {isa = PBXBuildFile; fileRef = B6F9CF841CB0290C004C2DC6 /* Main.storyboard */; };
		B6F9CF871CB051D5004C2DC6 /* User.swift in Sources */ = {isa = PBXBuildFile; fileRef = B6F9CF861CB051D5004C2DC6 /* User.swift */; };
/* End PBXBuildFile section */

/* Begin PBXFileReference section */
		17394131A1B9ED164F3D89F2 /* Pods.release.xcconfig */ = {isa = PBXFileReference; includeInIndex = 1; lastKnownFileType = text.xcconfig; name = Pods.release.xcconfig; path = "Pods/Target Support Files/Pods/Pods.release.xcconfig"; sourceTree = "<group>"; };
		63C69DCF1C7D039800556765 /* Ikonagram.app */ = {isa = PBXFileReference; explicitFileType = wrapper.application; includeInIndex = 0; path = Ikonagram.app; sourceTree = BUILT_PRODUCTS_DIR; };
		63C69DD21C7D039800556765 /* AppDelegate.swift */ = {isa = PBXFileReference; lastKnownFileType = sourcecode.swift; path = AppDelegate.swift; sourceTree = "<group>"; };
		63C69DD41C7D039800556765 /* SplashView.swift */ = {isa = PBXFileReference; lastKnownFileType = sourcecode.swift; path = SplashView.swift; sourceTree = "<group>"; };
		63C69DD91C7D039800556765 /* Assets.xcassets */ = {isa = PBXFileReference; lastKnownFileType = folder.assetcatalog; name = Assets.xcassets; path = Ikonagram/Assets.xcassets; sourceTree = "<group>"; };
		63C69DDC1C7D039800556765 /* Base */ = {isa = PBXFileReference; lastKnownFileType = file.storyboard; name = Base; path = Base.lproj/LaunchScreen.storyboard; sourceTree = "<group>"; };
		63C69DDE1C7D039800556765 /* Info.plist */ = {isa = PBXFileReference; lastKnownFileType = text.plist.xml; path = Info.plist; sourceTree = "<group>"; };
		63C69DE41C7D68D500556765 /* LoginSlides.swift */ = {isa = PBXFileReference; fileEncoding = 4; lastKnownFileType = sourcecode.swift; path = LoginSlides.swift; sourceTree = "<group>"; };
		63C69DE81C7D7FCA00556765 /* Security.framework */ = {isa = PBXFileReference; lastKnownFileType = wrapper.framework; name = Security.framework; path = System/Library/Frameworks/Security.framework; sourceTree = SDKROOT; };
		63C69DE91C7D7FCA00556765 /* SystemConfiguration.framework */ = {isa = PBXFileReference; lastKnownFileType = wrapper.framework; name = SystemConfiguration.framework; path = System/Library/Frameworks/SystemConfiguration.framework; sourceTree = SDKROOT; };
		63C69DED1C7D800900556765 /* StoreKit.framework */ = {isa = PBXFileReference; lastKnownFileType = wrapper.framework; name = StoreKit.framework; path = System/Library/Frameworks/StoreKit.framework; sourceTree = SDKROOT; };
		63C69DEF1C7D801900556765 /* QuartzCore.framework */ = {isa = PBXFileReference; lastKnownFileType = wrapper.framework; name = QuartzCore.framework; path = System/Library/Frameworks/QuartzCore.framework; sourceTree = SDKROOT; };
		63C69DF11C7D802F00556765 /* CoreGraphics.framework */ = {isa = PBXFileReference; lastKnownFileType = wrapper.framework; name = CoreGraphics.framework; path = System/Library/Frameworks/CoreGraphics.framework; sourceTree = SDKROOT; };
		63C69DF21C7D802F00556765 /* CoreLocation.framework */ = {isa = PBXFileReference; lastKnownFileType = wrapper.framework; name = CoreLocation.framework; path = System/Library/Frameworks/CoreLocation.framework; sourceTree = SDKROOT; };
		63C69DF51C7D803F00556765 /* CFNetwork.framework */ = {isa = PBXFileReference; lastKnownFileType = wrapper.framework; name = CFNetwork.framework; path = System/Library/Frameworks/CFNetwork.framework; sourceTree = SDKROOT; };
		63C69DF71C7D805300556765 /* AudioToolbox.framework */ = {isa = PBXFileReference; lastKnownFileType = wrapper.framework; name = AudioToolbox.framework; path = System/Library/Frameworks/AudioToolbox.framework; sourceTree = SDKROOT; };
		63C69DF91C7D871F00556765 /* LogInView.swift */ = {isa = PBXFileReference; fileEncoding = 4; lastKnownFileType = sourcecode.swift; path = LogInView.swift; sourceTree = "<group>"; };
		63C69DFB1C7D872F00556765 /* SignUpView.swift */ = {isa = PBXFileReference; fileEncoding = 4; lastKnownFileType = sourcecode.swift; path = SignUpView.swift; sourceTree = "<group>"; };
		63C69DFD1C7D873F00556765 /* SettingsView.swift */ = {isa = PBXFileReference; fileEncoding = 4; lastKnownFileType = sourcecode.swift; path = SettingsView.swift; sourceTree = "<group>"; };
		63C69DFF1C7D874F00556765 /* ResetPasswordView.swift */ = {isa = PBXFileReference; fileEncoding = 4; lastKnownFileType = sourcecode.swift; path = ResetPasswordView.swift; sourceTree = "<group>"; };
		63C69E011C7E171000556765 /* frontPostcard.swift */ = {isa = PBXFileReference; fileEncoding = 4; lastKnownFileType = sourcecode.swift; path = frontPostcard.swift; sourceTree = "<group>"; };
		63C69E031C7E178200556765 /* backPostcard.swift */ = {isa = PBXFileReference; fileEncoding = 4; lastKnownFileType = sourcecode.swift; path = backPostcard.swift; sourceTree = "<group>"; };
		63C69E051C7E17A400556765 /* selectContacts.swift */ = {isa = PBXFileReference; fileEncoding = 4; lastKnownFileType = sourcecode.swift; path = selectContacts.swift; sourceTree = "<group>"; };
		63C69E071C7E17B300556765 /* addContacts.swift */ = {isa = PBXFileReference; fileEncoding = 4; lastKnownFileType = sourcecode.swift; path = addContacts.swift; sourceTree = "<group>"; };
		63C69E091C7E17F800556765 /* summaryView.swift */ = {isa = PBXFileReference; fileEncoding = 4; lastKnownFileType = sourcecode.swift; path = summaryView.swift; sourceTree = "<group>"; };
		63C69E0D1C7E217E00556765 /* configs.swift */ = {isa = PBXFileReference; fileEncoding = 4; lastKnownFileType = sourcecode.swift; path = configs.swift; sourceTree = "<group>"; };
		63C69E0F1C7EB68800556765 /* AVFoundation.framework */ = {isa = PBXFileReference; lastKnownFileType = wrapper.framework; name = AVFoundation.framework; path = System/Library/Frameworks/AVFoundation.framework; sourceTree = SDKROOT; };
		63C69E111C7EB6AB00556765 /* Accelerate.framework */ = {isa = PBXFileReference; lastKnownFileType = wrapper.framework; name = Accelerate.framework; path = System/Library/Frameworks/Accelerate.framework; sourceTree = SDKROOT; };
		63C69E131C7EB6BA00556765 /* CoreMedia.framework */ = {isa = PBXFileReference; lastKnownFileType = wrapper.framework; name = CoreMedia.framework; path = System/Library/Frameworks/CoreMedia.framework; sourceTree = SDKROOT; };
		63C69E151C7EB6C800556765 /* MobileCoreServices.framework */ = {isa = PBXFileReference; lastKnownFileType = wrapper.framework; name = MobileCoreServices.framework; path = System/Library/Frameworks/MobileCoreServices.framework; sourceTree = SDKROOT; };
		63C69E171C7EB6D500556765 /* SafariServices.framework */ = {isa = PBXFileReference; lastKnownFileType = wrapper.framework; name = SafariServices.framework; path = System/Library/Frameworks/SafariServices.framework; sourceTree = SDKROOT; };
		63C69E281C7EB74000556765 /* libopencv_imgproc.a */ = {isa = PBXFileReference; lastKnownFileType = archive.ar; path = libopencv_imgproc.a; sourceTree = "<group>"; };
		63C69E2A1C7EB74000556765 /* libopencv_core.a */ = {isa = PBXFileReference; lastKnownFileType = archive.ar; path = libopencv_core.a; sourceTree = "<group>"; };
		63C69E2B1C7EB74000556765 /* libCardIO.a */ = {isa = PBXFileReference; lastKnownFileType = archive.ar; path = libCardIO.a; sourceTree = "<group>"; };
		63C69E301C7EB93A00556765 /* SingleImageView.xib */ = {isa = PBXFileReference; fileEncoding = 4; lastKnownFileType = file.xib; path = SingleImageView.xib; sourceTree = "<group>"; };
		63C69E311C7EB93A00556765 /* ThreeImagesView.xib */ = {isa = PBXFileReference; fileEncoding = 4; lastKnownFileType = file.xib; path = ThreeImagesView.xib; sourceTree = "<group>"; };
		63C69E321C7EB93A00556765 /* TwoImagesView.xib */ = {isa = PBXFileReference; fileEncoding = 4; lastKnownFileType = file.xib; path = TwoImagesView.xib; sourceTree = "<group>"; };
		63C69E331C7EB93A00556765 /* CustomeScrollView.swift */ = {isa = PBXFileReference; fileEncoding = 4; lastKnownFileType = sourcecode.swift; path = CustomeScrollView.swift; sourceTree = "<group>"; };
		63C69E341C7EB93A00556765 /* Ikonagram-Bridging-Header.h */ = {isa = PBXFileReference; fileEncoding = 4; lastKnownFileType = sourcecode.c.h; path = "Ikonagram-Bridging-Header.h"; sourceTree = "<group>"; };
		63C69E351C7EB93A00556765 /* SingleImageView.swift */ = {isa = PBXFileReference; fileEncoding = 4; lastKnownFileType = sourcecode.swift; path = SingleImageView.swift; sourceTree = "<group>"; };
		63C69E361C7EB93A00556765 /* ThreeImagesView.swift */ = {isa = PBXFileReference; fileEncoding = 4; lastKnownFileType = sourcecode.swift; path = ThreeImagesView.swift; sourceTree = "<group>"; };
		63C69E371C7EB93A00556765 /* TwoImagesView.swift */ = {isa = PBXFileReference; fileEncoding = 4; lastKnownFileType = sourcecode.swift; path = TwoImagesView.swift; sourceTree = "<group>"; };
		63C69E411C7ECB5F00556765 /* libPayPalMobile.a */ = {isa = PBXFileReference; lastKnownFileType = archive.ar; name = libPayPalMobile.a; path = Ikonagram/libPayPalMobile.a; sourceTree = "<group>"; };
		63C69E451C7ECE4E00556765 /* libz.tbd */ = {isa = PBXFileReference; lastKnownFileType = "sourcecode.text-based-dylib-definition"; name = libz.tbd; path = usr/lib/libz.tbd; sourceTree = SDKROOT; };
		63C69E471C7ECE5A00556765 /* libsqlite3.tbd */ = {isa = PBXFileReference; lastKnownFileType = "sourcecode.text-based-dylib-definition"; name = libsqlite3.tbd; path = usr/lib/libsqlite3.tbd; sourceTree = SDKROOT; };
		63C69E491C7ECEEF00556765 /* PayPalConfiguration.h */ = {isa = PBXFileReference; fileEncoding = 4; lastKnownFileType = sourcecode.c.h; name = PayPalConfiguration.h; path = Ikonagram/PayPalConfiguration.h; sourceTree = "<group>"; };
		63C69E4A1C7ECEEF00556765 /* PayPalFuturePaymentViewController.h */ = {isa = PBXFileReference; fileEncoding = 4; lastKnownFileType = sourcecode.c.h; name = PayPalFuturePaymentViewController.h; path = Ikonagram/PayPalFuturePaymentViewController.h; sourceTree = "<group>"; };
		63C69E4B1C7ECEEF00556765 /* PayPalMobile.h */ = {isa = PBXFileReference; fileEncoding = 4; lastKnownFileType = sourcecode.c.h; name = PayPalMobile.h; path = Ikonagram/PayPalMobile.h; sourceTree = "<group>"; };
		63C69E4C1C7ECEEF00556765 /* PayPalOAuthScopes.h */ = {isa = PBXFileReference; fileEncoding = 4; lastKnownFileType = sourcecode.c.h; name = PayPalOAuthScopes.h; path = Ikonagram/PayPalOAuthScopes.h; sourceTree = "<group>"; };
		63C69E4D1C7ECEEF00556765 /* PayPalPayment.h */ = {isa = PBXFileReference; fileEncoding = 4; lastKnownFileType = sourcecode.c.h; name = PayPalPayment.h; path = Ikonagram/PayPalPayment.h; sourceTree = "<group>"; };
		63C69E4E1C7ECEEF00556765 /* PayPalPaymentViewController.h */ = {isa = PBXFileReference; fileEncoding = 4; lastKnownFileType = sourcecode.c.h; name = PayPalPaymentViewController.h; path = Ikonagram/PayPalPaymentViewController.h; sourceTree = "<group>"; };
		63C69E4F1C7ECEEF00556765 /* PayPalProfileSharingViewController.h */ = {isa = PBXFileReference; fileEncoding = 4; lastKnownFileType = sourcecode.c.h; name = PayPalProfileSharingViewController.h; path = Ikonagram/PayPalProfileSharingViewController.h; sourceTree = "<group>"; };
		63C69E501C7ECEEF00556765 /* CardIO.h */ = {isa = PBXFileReference; fileEncoding = 4; lastKnownFileType = sourcecode.c.h; name = CardIO.h; path = Ikonagram/CardIO.h; sourceTree = "<group>"; };
		63C69E511C7ECEEF00556765 /* CardIOCreditCardInfo.h */ = {isa = PBXFileReference; fileEncoding = 4; lastKnownFileType = sourcecode.c.h; name = CardIOCreditCardInfo.h; path = Ikonagram/CardIOCreditCardInfo.h; sourceTree = "<group>"; };
		63C69E521C7ECEEF00556765 /* CardIODetectionMode.h */ = {isa = PBXFileReference; fileEncoding = 4; lastKnownFileType = sourcecode.c.h; name = CardIODetectionMode.h; path = Ikonagram/CardIODetectionMode.h; sourceTree = "<group>"; };
		63C69E531C7ECEEF00556765 /* CardIOPaymentViewController.h */ = {isa = PBXFileReference; fileEncoding = 4; lastKnownFileType = sourcecode.c.h; name = CardIOPaymentViewController.h; path = Ikonagram/CardIOPaymentViewController.h; sourceTree = "<group>"; };
		63C69E541C7ECEEF00556765 /* CardIOPaymentViewControllerDelegate.h */ = {isa = PBXFileReference; fileEncoding = 4; lastKnownFileType = sourcecode.c.h; name = CardIOPaymentViewControllerDelegate.h; path = Ikonagram/CardIOPaymentViewControllerDelegate.h; sourceTree = "<group>"; };
		63C69E551C7ECEEF00556765 /* CardIOUtilities.h */ = {isa = PBXFileReference; fileEncoding = 4; lastKnownFileType = sourcecode.c.h; name = CardIOUtilities.h; path = Ikonagram/CardIOUtilities.h; sourceTree = "<group>"; };
		63C69E561C7ECEEF00556765 /* CardIOView.h */ = {isa = PBXFileReference; fileEncoding = 4; lastKnownFileType = sourcecode.c.h; name = CardIOView.h; path = Ikonagram/CardIOView.h; sourceTree = "<group>"; };
		63C69E571C7ECEEF00556765 /* CardIOViewDelegate.h */ = {isa = PBXFileReference; fileEncoding = 4; lastKnownFileType = sourcecode.c.h; name = CardIOViewDelegate.h; path = Ikonagram/CardIOViewDelegate.h; sourceTree = "<group>"; };
		63C69E581C7ED07000556765 /* MessageUI.framework */ = {isa = PBXFileReference; lastKnownFileType = wrapper.framework; name = MessageUI.framework; path = System/Library/Frameworks/MessageUI.framework; sourceTree = SDKROOT; };
		63C69E5A1C7ED1EC00556765 /* ZZAppDelegate.h */ = {isa = PBXFileReference; fileEncoding = 4; lastKnownFileType = sourcecode.c.h; path = ZZAppDelegate.h; sourceTree = "<group>"; };
		66FEDEFD1536DFE5B5556FFF /* Pods.framework */ = {isa = PBXFileReference; explicitFileType = wrapper.framework; includeInIndex = 0; path = Pods.framework; sourceTree = BUILT_PRODUCTS_DIR; };
		B60CDCC41CBE0B190086B730 /* Postcard.swift */ = {isa = PBXFileReference; fileEncoding = 4; lastKnownFileType = sourcecode.swift; path = Postcard.swift; sourceTree = "<group>"; };
		B60CDCC61CC137500086B730 /* PaymentController.swift */ = {isa = PBXFileReference; fileEncoding = 4; lastKnownFileType = sourcecode.swift; path = PaymentController.swift; sourceTree = "<group>"; };
		B60CDCC81CC1489C0086B730 /* Contact.swift */ = {isa = PBXFileReference; fileEncoding = 4; lastKnownFileType = sourcecode.swift; path = Contact.swift; sourceTree = "<group>"; };
		B6B463CE1CC9B52B0011EA83 /* KeychainWrapper.h */ = {isa = PBXFileReference; fileEncoding = 4; lastKnownFileType = sourcecode.c.h; name = KeychainWrapper.h; path = ../../../Downloads/KeychainWrapper/KeychainWrapper.h; sourceTree = "<group>"; };
		B6B463CF1CC9B52B0011EA83 /* KeychainWrapper.m */ = {isa = PBXFileReference; fileEncoding = 4; lastKnownFileType = sourcecode.c.objc; name = KeychainWrapper.m; path = ../../../Downloads/KeychainWrapper/KeychainWrapper.m; sourceTree = "<group>"; };
		B6B463D11CC9D3920011EA83 /* messageDelegate.swift */ = {isa = PBXFileReference; fileEncoding = 4; lastKnownFileType = sourcecode.swift; path = messageDelegate.swift; sourceTree = "<group>"; };
		B6B463D31CC9EA890011EA83 /* ConfirmationController.swift */ = {isa = PBXFileReference; fileEncoding = 4; lastKnownFileType = sourcecode.swift; path = ConfirmationController.swift; sourceTree = "<group>"; };
		B6F9CF7C1CAE2F2F004C2DC6 /* Parse.framework */ = {isa = PBXFileReference; lastKnownFileType = wrapper.framework; name = Parse.framework; path = "../../Downloads/parse-library-1.12.0 (1)/Parse.framework"; sourceTree = "<group>"; };
		B6F9CF7E1CAE30A2004C2DC6 /* Bolts.framework */ = {isa = PBXFileReference; lastKnownFileType = wrapper.framework; name = Bolts.framework; path = "../../Downloads/parse-library-1.12.0 (1)/Bolts.framework"; sourceTree = "<group>"; };
		B6F9CF801CAE36DA004C2DC6 /* NetworkOperation.swift */ = {isa = PBXFileReference; fileEncoding = 4; lastKnownFileType = sourcecode.swift; path = NetworkOperation.swift; sourceTree = "<group>"; };
		B6F9CF821CAE37BE004C2DC6 /* AuthenticationOperation.swift */ = {isa = PBXFileReference; fileEncoding = 4; lastKnownFileType = sourcecode.swift; path = AuthenticationOperation.swift; sourceTree = "<group>"; };
		B6F9CF841CB0290C004C2DC6 /* Main.storyboard */ = {isa = PBXFileReference; fileEncoding = 4; lastKnownFileType = file.storyboard; path = Main.storyboard; sourceTree = "<group>"; };
		B6F9CF861CB051D5004C2DC6 /* User.swift */ = {isa = PBXFileReference; fileEncoding = 4; lastKnownFileType = sourcecode.swift; path = User.swift; sourceTree = "<group>"; };
		D2FC4DE6426A004E04E573B4 /* Pods.debug.xcconfig */ = {isa = PBXFileReference; includeInIndex = 1; lastKnownFileType = text.xcconfig; name = Pods.debug.xcconfig; path = "Pods/Target Support Files/Pods/Pods.debug.xcconfig"; sourceTree = "<group>"; };
/* End PBXFileReference section */

/* Begin PBXFrameworksBuildPhase section */
		63C69DCC1C7D039800556765 /* Frameworks */ = {
			isa = PBXFrameworksBuildPhase;
			buildActionMask = 2147483647;
			files = (
				63C69E591C7ED07000556765 /* MessageUI.framework in Frameworks */,
				63C69E481C7ECE5A00556765 /* libsqlite3.tbd in Frameworks */,
				63C69E461C7ECE4E00556765 /* libz.tbd in Frameworks */,
				63C69E181C7EB6D500556765 /* SafariServices.framework in Frameworks */,
				63C69E161C7EB6C800556765 /* MobileCoreServices.framework in Frameworks */,
				63C69E141C7EB6BA00556765 /* CoreMedia.framework in Frameworks */,
				63C69E121C7EB6AB00556765 /* Accelerate.framework in Frameworks */,
				63C69E101C7EB68800556765 /* AVFoundation.framework in Frameworks */,
				63C69DF81C7D805300556765 /* AudioToolbox.framework in Frameworks */,
				63C69DF31C7D802F00556765 /* CoreGraphics.framework in Frameworks */,
				63C69DF41C7D802F00556765 /* CoreLocation.framework in Frameworks */,
				63C69DF61C7D803F00556765 /* CFNetwork.framework in Frameworks */,
				63C69DF01C7D801900556765 /* QuartzCore.framework in Frameworks */,
				63C69DEE1C7D800900556765 /* StoreKit.framework in Frameworks */,
				63C69DEA1C7D7FCA00556765 /* Security.framework in Frameworks */,
				63C69DEB1C7D7FCA00556765 /* SystemConfiguration.framework in Frameworks */,
				B4C71A64D4EFD8CCE48FBE8F /* Pods.framework in Frameworks */,
			);
			runOnlyForDeploymentPostprocessing = 0;
		};
/* End PBXFrameworksBuildPhase section */

/* Begin PBXGroup section */
		63C69DC61C7D039800556765 = {
			isa = PBXGroup;
			children = (
				63C69DD11C7D039800556765 /* Ikonagram */,
				63C69DD91C7D039800556765 /* Assets.xcassets */,
				63C69DD01C7D039800556765 /* Products */,
				63C69DEC1C7D7FDF00556765 /* Frameworks */,
				8E145D6256F2D5F037503717 /* Pods */,
			);
			sourceTree = "<group>";
		};
		63C69DD01C7D039800556765 /* Products */ = {
			isa = PBXGroup;
			children = (
				63C69DCF1C7D039800556765 /* Ikonagram.app */,
			);
			name = Products;
			sourceTree = "<group>";
		};
		63C69DD11C7D039800556765 /* Ikonagram */ = {
			isa = PBXGroup;
			children = (
				63C69E301C7EB93A00556765 /* SingleImageView.xib */,
				B6F9CF801CAE36DA004C2DC6 /* NetworkOperation.swift */,
				63C69E311C7EB93A00556765 /* ThreeImagesView.xib */,
				63C69E321C7EB93A00556765 /* TwoImagesView.xib */,
				63C69E331C7EB93A00556765 /* CustomeScrollView.swift */,
				63C69E341C7EB93A00556765 /* Ikonagram-Bridging-Header.h */,
				63C69E5A1C7ED1EC00556765 /* ZZAppDelegate.h */,
				B6B463CE1CC9B52B0011EA83 /* KeychainWrapper.h */,
				B6B463CF1CC9B52B0011EA83 /* KeychainWrapper.m */,
				63C69E351C7EB93A00556765 /* SingleImageView.swift */,
				63C69E361C7EB93A00556765 /* ThreeImagesView.swift */,
				63C69E371C7EB93A00556765 /* TwoImagesView.swift */,
				63C69DD21C7D039800556765 /* AppDelegate.swift */,
				63C69E011C7E171000556765 /* frontPostcard.swift */,
				63C69E0D1C7E217E00556765 /* configs.swift */,
				63C69E031C7E178200556765 /* backPostcard.swift */,
				63C69E051C7E17A400556765 /* selectContacts.swift */,
				63C69E071C7E17B300556765 /* addContacts.swift */,
				63C69E091C7E17F800556765 /* summaryView.swift */,
				63C69E0B1C7E181A00556765 /* SplashViews */,
				63C69E0C1C7E197000556765 /* LoginManagement */,
				63C69DDB1C7D039800556765 /* LaunchScreen.storyboard */,
				63C69DDE1C7D039800556765 /* Info.plist */,
				B6F9CF841CB0290C004C2DC6 /* Main.storyboard */,
				B60CDCC61CC137500086B730 /* PaymentController.swift */,
				B6F9CF861CB051D5004C2DC6 /* User.swift */,
				B6B463D31CC9EA890011EA83 /* ConfirmationController.swift */,
				B60CDCC81CC1489C0086B730 /* Contact.swift */,
				B60CDCC41CBE0B190086B730 /* Postcard.swift */,
				B6B463D11CC9D3920011EA83 /* messageDelegate.swift */,
			);
			path = Ikonagram;
			sourceTree = "<group>";
		};
		63C69DEC1C7D7FDF00556765 /* Frameworks */ = {
			isa = PBXGroup;
			children = (
				63C69E581C7ED07000556765 /* MessageUI.framework */,
				63C69E491C7ECEEF00556765 /* PayPalConfiguration.h */,
				63C69E4A1C7ECEEF00556765 /* PayPalFuturePaymentViewController.h */,
				63C69E4B1C7ECEEF00556765 /* PayPalMobile.h */,
				63C69E4C1C7ECEEF00556765 /* PayPalOAuthScopes.h */,
				63C69E4D1C7ECEEF00556765 /* PayPalPayment.h */,
				63C69E4E1C7ECEEF00556765 /* PayPalPaymentViewController.h */,
				63C69E4F1C7ECEEF00556765 /* PayPalProfileSharingViewController.h */,
				63C69E501C7ECEEF00556765 /* CardIO.h */,
				63C69E511C7ECEEF00556765 /* CardIOCreditCardInfo.h */,
				63C69E521C7ECEEF00556765 /* CardIODetectionMode.h */,
				63C69E531C7ECEEF00556765 /* CardIOPaymentViewController.h */,
				63C69E541C7ECEEF00556765 /* CardIOPaymentViewControllerDelegate.h */,
				63C69E551C7ECEEF00556765 /* CardIOUtilities.h */,
				63C69E561C7ECEEF00556765 /* CardIOView.h */,
				63C69E571C7ECEEF00556765 /* CardIOViewDelegate.h */,
				B6F9CF7C1CAE2F2F004C2DC6 /* Parse.framework */,
				63C69E471C7ECE5A00556765 /* libsqlite3.tbd */,
				63C69E451C7ECE4E00556765 /* libz.tbd */,
				63C69E411C7ECB5F00556765 /* libPayPalMobile.a */,
				63C69E281C7EB74000556765 /* libopencv_imgproc.a */,
				B6F9CF7E1CAE30A2004C2DC6 /* Bolts.framework */,
				63C69E2A1C7EB74000556765 /* libopencv_core.a */,
				63C69E2B1C7EB74000556765 /* libCardIO.a */,
				63C69E171C7EB6D500556765 /* SafariServices.framework */,
				63C69E151C7EB6C800556765 /* MobileCoreServices.framework */,
				63C69E131C7EB6BA00556765 /* CoreMedia.framework */,
				63C69E111C7EB6AB00556765 /* Accelerate.framework */,
				63C69E0F1C7EB68800556765 /* AVFoundation.framework */,
				63C69DF71C7D805300556765 /* AudioToolbox.framework */,
				63C69DF51C7D803F00556765 /* CFNetwork.framework */,
				63C69DF11C7D802F00556765 /* CoreGraphics.framework */,
				63C69DF21C7D802F00556765 /* CoreLocation.framework */,
				63C69DEF1C7D801900556765 /* QuartzCore.framework */,
				63C69DED1C7D800900556765 /* StoreKit.framework */,
				63C69DE81C7D7FCA00556765 /* Security.framework */,
				63C69DE91C7D7FCA00556765 /* SystemConfiguration.framework */,
				66FEDEFD1536DFE5B5556FFF /* Pods.framework */,
			);
			name = Frameworks;
			sourceTree = "<group>";
		};
		63C69E0B1C7E181A00556765 /* SplashViews */ = {
			isa = PBXGroup;
			children = (
				63C69DD41C7D039800556765 /* SplashView.swift */,
				63C69DE41C7D68D500556765 /* LoginSlides.swift */,
			);
			name = SplashViews;
			sourceTree = "<group>";
		};
		63C69E0C1C7E197000556765 /* LoginManagement */ = {
			isa = PBXGroup;
			children = (
				63C69DF91C7D871F00556765 /* LogInView.swift */,
				B6F9CF821CAE37BE004C2DC6 /* AuthenticationOperation.swift */,
				63C69DFB1C7D872F00556765 /* SignUpView.swift */,
				63C69DFD1C7D873F00556765 /* SettingsView.swift */,
				63C69DFF1C7D874F00556765 /* ResetPasswordView.swift */,
			);
			name = LoginManagement;
			sourceTree = "<group>";
		};
		8E145D6256F2D5F037503717 /* Pods */ = {
			isa = PBXGroup;
			children = (
				D2FC4DE6426A004E04E573B4 /* Pods.debug.xcconfig */,
				17394131A1B9ED164F3D89F2 /* Pods.release.xcconfig */,
			);
			name = Pods;
			sourceTree = "<group>";
		};
/* End PBXGroup section */

/* Begin PBXNativeTarget section */
		63C69DCE1C7D039800556765 /* Ikonagram */ = {
			isa = PBXNativeTarget;
			buildConfigurationList = 63C69DE11C7D039800556765 /* Build configuration list for PBXNativeTarget "Ikonagram" */;
			buildPhases = (
				D90B1F7565DD1CED83A8EC28 /* Check Pods Manifest.lock */,
				63C69DCB1C7D039800556765 /* Sources */,
				63C69DCC1C7D039800556765 /* Frameworks */,
				63C69DCD1C7D039800556765 /* Resources */,
				C76F51025BD1BF0DDFE4BE5E /* Copy Pods Resources */,
				294EAAC8CABE99A9770D0F10 /* Embed Pods Frameworks */,
			);
			buildRules = (
			);
			dependencies = (
			);
			name = Ikonagram;
			productName = Ikonagram;
			productReference = 63C69DCF1C7D039800556765 /* Ikonagram.app */;
			productType = "com.apple.product-type.application";
		};
/* End PBXNativeTarget section */

/* Begin PBXProject section */
		63C69DC71C7D039800556765 /* Project object */ = {
			isa = PBXProject;
			attributes = {
				LastSwiftUpdateCheck = 0720;
				LastUpgradeCheck = 0720;
				ORGANIZATIONNAME = "Kroleo Studios";
				TargetAttributes = {
					63C69DCE1C7D039800556765 = {
						CreatedOnToolsVersion = 7.2.1;
						DevelopmentTeam = TYC89UNAS3;
					};
				};
			};
			buildConfigurationList = 63C69DCA1C7D039800556765 /* Build configuration list for PBXProject "Ikonagram" */;
			compatibilityVersion = "Xcode 3.2";
			developmentRegion = English;
			hasScannedForEncodings = 0;
			knownRegions = (
				en,
				Base,
			);
			mainGroup = 63C69DC61C7D039800556765;
			productRefGroup = 63C69DD01C7D039800556765 /* Products */;
			projectDirPath = "";
			projectRoot = "";
			targets = (
				63C69DCE1C7D039800556765 /* Ikonagram */,
			);
		};
/* End PBXProject section */

/* Begin PBXResourcesBuildPhase section */
		63C69DCD1C7D039800556765 /* Resources */ = {
			isa = PBXResourcesBuildPhase;
			buildActionMask = 2147483647;
			files = (
				63C69E391C7EB93A00556765 /* SingleImageView.xib in Resources */,
				63C69E3B1C7EB93A00556765 /* TwoImagesView.xib in Resources */,
				63C69DDD1C7D039800556765 /* LaunchScreen.storyboard in Resources */,
				B6F9CF851CB0290C004C2DC6 /* Main.storyboard in Resources */,
				63C69E3A1C7EB93A00556765 /* ThreeImagesView.xib in Resources */,
				63C69DDA1C7D039800556765 /* Assets.xcassets in Resources */,
			);
			runOnlyForDeploymentPostprocessing = 0;
		};
/* End PBXResourcesBuildPhase section */

/* Begin PBXShellScriptBuildPhase section */
		294EAAC8CABE99A9770D0F10 /* Embed Pods Frameworks */ = {
			isa = PBXShellScriptBuildPhase;
			buildActionMask = 2147483647;
			files = (
			);
			inputPaths = (
			);
			name = "Embed Pods Frameworks";
			outputPaths = (
			);
			runOnlyForDeploymentPostprocessing = 0;
			shellPath = /bin/sh;
			shellScript = "\"${SRCROOT}/Pods/Target Support Files/Pods/Pods-frameworks.sh\"\n";
			showEnvVarsInLog = 0;
		};
		C76F51025BD1BF0DDFE4BE5E /* Copy Pods Resources */ = {
			isa = PBXShellScriptBuildPhase;
			buildActionMask = 2147483647;
			files = (
			);
			inputPaths = (
			);
			name = "Copy Pods Resources";
			outputPaths = (
			);
			runOnlyForDeploymentPostprocessing = 0;
			shellPath = /bin/sh;
			shellScript = "\"${SRCROOT}/Pods/Target Support Files/Pods/Pods-resources.sh\"\n";
			showEnvVarsInLog = 0;
		};
		D90B1F7565DD1CED83A8EC28 /* Check Pods Manifest.lock */ = {
			isa = PBXShellScriptBuildPhase;
			buildActionMask = 2147483647;
			files = (
			);
			inputPaths = (
			);
			name = "Check Pods Manifest.lock";
			outputPaths = (
			);
			runOnlyForDeploymentPostprocessing = 0;
			shellPath = /bin/sh;
			shellScript = "diff \"${PODS_ROOT}/../Podfile.lock\" \"${PODS_ROOT}/Manifest.lock\" > /dev/null\nif [[ $? != 0 ]] ; then\n    cat << EOM\nerror: The sandbox is not in sync with the Podfile.lock. Run 'pod install' or update your CocoaPods installation.\nEOM\n    exit 1\nfi\n";
			showEnvVarsInLog = 0;
		};
/* End PBXShellScriptBuildPhase section */

/* Begin PBXSourcesBuildPhase section */
		63C69DCB1C7D039800556765 /* Sources */ = {
			isa = PBXSourcesBuildPhase;
			buildActionMask = 2147483647;
			files = (
				B60CDCC51CBE0B190086B730 /* Postcard.swift in Sources */,
				63C69E3F1C7EB93A00556765 /* TwoImagesView.swift in Sources */,
				63C69E3D1C7EB93A00556765 /* SingleImageView.swift in Sources */,
				B6B463D21CC9D3920011EA83 /* messageDelegate.swift in Sources */,
				63C69DD51C7D039800556765 /* SplashView.swift in Sources */,
				B60CDCC91CC1489C0086B730 /* Contact.swift in Sources */,
				63C69DFC1C7D872F00556765 /* SignUpView.swift in Sources */,
				63C69E081C7E17B300556765 /* addContacts.swift in Sources */,
				63C69DE51C7D68D500556765 /* LoginSlides.swift in Sources */,
				63C69E0E1C7E217E00556765 /* configs.swift in Sources */,
				B6B463D01CC9B52B0011EA83 /* KeychainWrapper.m in Sources */,
				63C69E001C7D874F00556765 /* ResetPasswordView.swift in Sources */,
				B6F9CF871CB051D5004C2DC6 /* User.swift in Sources */,
				63C69E041C7E178200556765 /* backPostcard.swift in Sources */,
				B6B463D41CC9EA890011EA83 /* ConfirmationController.swift in Sources */,
				63C69DFE1C7D874000556765 /* SettingsView.swift in Sources */,
				63C69E3E1C7EB93A00556765 /* ThreeImagesView.swift in Sources */,
				63C69E3C1C7EB93A00556765 /* CustomeScrollView.swift in Sources */,
				63C69DFA1C7D871F00556765 /* LogInView.swift in Sources */,
				B6F9CF831CAE37BE004C2DC6 /* AuthenticationOperation.swift in Sources */,
				63C69DD31C7D039800556765 /* AppDelegate.swift in Sources */,
				63C69E0A1C7E17F800556765 /* summaryView.swift in Sources */,
				B60CDCC71CC137500086B730 /* PaymentController.swift in Sources */,
				63C69E061C7E17A400556765 /* selectContacts.swift in Sources */,
				B6F9CF811CAE36DA004C2DC6 /* NetworkOperation.swift in Sources */,
				63C69E021C7E171000556765 /* frontPostcard.swift in Sources */,
			);
			runOnlyForDeploymentPostprocessing = 0;
		};
/* End PBXSourcesBuildPhase section */

/* Begin PBXVariantGroup section */
		63C69DDB1C7D039800556765 /* LaunchScreen.storyboard */ = {
			isa = PBXVariantGroup;
			children = (
				63C69DDC1C7D039800556765 /* Base */,
			);
			name = LaunchScreen.storyboard;
			sourceTree = "<group>";
		};
/* End PBXVariantGroup section */

/* Begin XCBuildConfiguration section */
		63C69DDF1C7D039800556765 /* Debug */ = {
			isa = XCBuildConfiguration;
			buildSettings = {
				ALWAYS_SEARCH_USER_PATHS = NO;
				CLANG_CXX_LANGUAGE_STANDARD = "gnu++0x";
				CLANG_CXX_LIBRARY = "libc++";
				CLANG_ENABLE_MODULES = YES;
				CLANG_ENABLE_OBJC_ARC = YES;
				CLANG_WARN_BOOL_CONVERSION = YES;
				CLANG_WARN_CONSTANT_CONVERSION = YES;
				CLANG_WARN_DIRECT_OBJC_ISA_USAGE = YES_ERROR;
				CLANG_WARN_EMPTY_BODY = YES;
				CLANG_WARN_ENUM_CONVERSION = YES;
				CLANG_WARN_INT_CONVERSION = YES;
				CLANG_WARN_OBJC_ROOT_CLASS = YES_ERROR;
				CLANG_WARN_UNREACHABLE_CODE = YES;
				CLANG_WARN__DUPLICATE_METHOD_MATCH = YES;
				"CODE_SIGN_IDENTITY[sdk=iphoneos*]" = "iPhone Developer";
				COPY_PHASE_STRIP = NO;
				DEBUG_INFORMATION_FORMAT = dwarf;
				ENABLE_STRICT_OBJC_MSGSEND = YES;
				ENABLE_TESTABILITY = YES;
				GCC_C_LANGUAGE_STANDARD = gnu99;
				GCC_DYNAMIC_NO_PIC = NO;
				GCC_NO_COMMON_BLOCKS = YES;
				GCC_OPTIMIZATION_LEVEL = 0;
				GCC_PREPROCESSOR_DEFINITIONS = (
					"DEBUG=1",
					"$(inherited)",
				);
				GCC_WARN_64_TO_32_BIT_CONVERSION = YES;
				GCC_WARN_ABOUT_RETURN_TYPE = YES_ERROR;
				GCC_WARN_UNDECLARED_SELECTOR = YES;
				GCC_WARN_UNINITIALIZED_AUTOS = YES_AGGRESSIVE;
				GCC_WARN_UNUSED_FUNCTION = YES;
				GCC_WARN_UNUSED_VARIABLE = YES;
				IPHONEOS_DEPLOYMENT_TARGET = 8.0;
				MTL_ENABLE_DEBUG_INFO = YES;
				ONLY_ACTIVE_ARCH = YES;
				SDKROOT = iphoneos;
				SWIFT_OPTIMIZATION_LEVEL = "-Onone";
			};
			name = Debug;
		};
		63C69DE01C7D039800556765 /* Release */ = {
			isa = XCBuildConfiguration;
			buildSettings = {
				ALWAYS_SEARCH_USER_PATHS = NO;
				CLANG_CXX_LANGUAGE_STANDARD = "gnu++0x";
				CLANG_CXX_LIBRARY = "libc++";
				CLANG_ENABLE_MODULES = YES;
				CLANG_ENABLE_OBJC_ARC = YES;
				CLANG_WARN_BOOL_CONVERSION = YES;
				CLANG_WARN_CONSTANT_CONVERSION = YES;
				CLANG_WARN_DIRECT_OBJC_ISA_USAGE = YES_ERROR;
				CLANG_WARN_EMPTY_BODY = YES;
				CLANG_WARN_ENUM_CONVERSION = YES;
				CLANG_WARN_INT_CONVERSION = YES;
				CLANG_WARN_OBJC_ROOT_CLASS = YES_ERROR;
				CLANG_WARN_UNREACHABLE_CODE = YES;
				CLANG_WARN__DUPLICATE_METHOD_MATCH = YES;
				"CODE_SIGN_IDENTITY[sdk=iphoneos*]" = "iPhone Developer";
				COPY_PHASE_STRIP = NO;
				DEBUG_INFORMATION_FORMAT = "dwarf-with-dsym";
				ENABLE_NS_ASSERTIONS = NO;
				ENABLE_STRICT_OBJC_MSGSEND = YES;
				GCC_C_LANGUAGE_STANDARD = gnu99;
				GCC_NO_COMMON_BLOCKS = YES;
				GCC_WARN_64_TO_32_BIT_CONVERSION = YES;
				GCC_WARN_ABOUT_RETURN_TYPE = YES_ERROR;
				GCC_WARN_UNDECLARED_SELECTOR = YES;
				GCC_WARN_UNINITIALIZED_AUTOS = YES_AGGRESSIVE;
				GCC_WARN_UNUSED_FUNCTION = YES;
				GCC_WARN_UNUSED_VARIABLE = YES;
				IPHONEOS_DEPLOYMENT_TARGET = 8.0;
				MTL_ENABLE_DEBUG_INFO = NO;
				ONLY_ACTIVE_ARCH = YES;
				SDKROOT = iphoneos;
				VALIDATE_PRODUCT = YES;
			};
			name = Release;
		};
		63C69DE21C7D039800556765 /* Debug */ = {
			isa = XCBuildConfiguration;
			baseConfigurationReference = D2FC4DE6426A004E04E573B4 /* Pods.debug.xcconfig */;
			buildSettings = {
				ASSETCATALOG_COMPILER_APPICON_NAME = AppIcon;
				CODE_SIGN_IDENTITY = "iPhone Developer";
				"CODE_SIGN_IDENTITY[sdk=iphoneos*]" = "iPhone Developer";
				INFOPLIST_FILE = Ikonagram/Info.plist;
				IPHONEOS_DEPLOYMENT_TARGET = 8.2;
				LD_RUNPATH_SEARCH_PATHS = "$(inherited) @executable_path/Frameworks";
				LIBRARY_SEARCH_PATHS = (
					"$(inherited)",
					"$(PROJECT_DIR)",
					"$(PROJECT_DIR)/Ikonagram",
				);
				PRODUCT_BUNDLE_IDENTIFIER = com.kroleo.Ikona;
				PRODUCT_NAME = "$(TARGET_NAME)";
				PROVISIONING_PROFILE = "";
				SWIFT_OBJC_BRIDGING_HEADER = "Ikonagram/Ikonagram-Bridging-Header.h";
			};
			name = Debug;
		};
		63C69DE31C7D039800556765 /* Release */ = {
			isa = XCBuildConfiguration;
			baseConfigurationReference = 17394131A1B9ED164F3D89F2 /* Pods.release.xcconfig */;
			buildSettings = {
				ASSETCATALOG_COMPILER_APPICON_NAME = AppIcon;
				CODE_SIGN_IDENTITY = "iPhone Developer";
				"CODE_SIGN_IDENTITY[sdk=iphoneos*]" = "iPhone Developer";
				INFOPLIST_FILE = Ikonagram/Info.plist;
				IPHONEOS_DEPLOYMENT_TARGET = 8.2;
				LD_RUNPATH_SEARCH_PATHS = "$(inherited) @executable_path/Frameworks";
				LIBRARY_SEARCH_PATHS = (
					"$(inherited)",
					"$(PROJECT_DIR)",
					"$(PROJECT_DIR)/Ikonagram",
				);
				PRODUCT_BUNDLE_IDENTIFIER = com.kroleo.Ikona;
				PRODUCT_NAME = "$(TARGET_NAME)";
				PROVISIONING_PROFILE = "";
				SWIFT_OBJC_BRIDGING_HEADER = "Ikonagram/Ikonagram-Bridging-Header.h";
			};
			name = Release;
		};
/* End XCBuildConfiguration section */

/* Begin XCConfigurationList section */
		63C69DCA1C7D039800556765 /* Build configuration list for PBXProject "Ikonagram" */ = {
			isa = XCConfigurationList;
			buildConfigurations = (
				63C69DDF1C7D039800556765 /* Debug */,
				63C69DE01C7D039800556765 /* Release */,
			);
			defaultConfigurationIsVisible = 0;
			defaultConfigurationName = Release;
		};
		63C69DE11C7D039800556765 /* Build configuration list for PBXNativeTarget "Ikonagram" */ = {
			isa = XCConfigurationList;
			buildConfigurations = (
				63C69DE21C7D039800556765 /* Debug */,
				63C69DE31C7D039800556765 /* Release */,
			);
			defaultConfigurationIsVisible = 0;
			defaultConfigurationName = Release;
		};
/* End XCConfigurationList section */
	};
	rootObject = 63C69DC71C7D039800556765 /* Project object */;
}
