// !$*UTF8*$!
{
	archiveVersion = 1;
	classes = {
	};
	objectVersion = 46;
	objects = {

/* Begin PBXBuildFile section */
		63C69DD31C7D039800556765 /* AppDelegate.swift in Sources */ = {isa = PBXBuildFile; fileRef = 63C69DD21C7D039800556765 /* AppDelegate.swift */; };
		63C69DD51C7D039800556765 /* ViewController.swift in Sources */ = {isa = PBXBuildFile; fileRef = 63C69DD41C7D039800556765 /* ViewController.swift */; };
		63C69DD81C7D039800556765 /* Main.storyboard in Resources */ = {isa = PBXBuildFile; fileRef = 63C69DD61C7D039800556765 /* Main.storyboard */; };
		63C69DDA1C7D039800556765 /* Assets.xcassets in Resources */ = {isa = PBXBuildFile; fileRef = 63C69DD91C7D039800556765 /* Assets.xcassets */; };
		63C69DDD1C7D039800556765 /* LaunchScreen.storyboard in Resources */ = {isa = PBXBuildFile; fileRef = 63C69DDB1C7D039800556765 /* LaunchScreen.storyboard */; };
/* End PBXBuildFile section */

/* Begin PBXFileReference section */
		63C69DCF1C7D039800556765 /* Ikonagram.app */ = {isa = PBXFileReference; explicitFileType = wrapper.application; includeInIndex = 0; path = Ikonagram.app; sourceTree = BUILT_PRODUCTS_DIR; };
		63C69DD21C7D039800556765 /* AppDelegate.swift */ = {isa = PBXFileReference; lastKnownFileType = sourcecode.swift; path = AppDelegate.swift; sourceTree = "<group>"; };
		63C69DD41C7D039800556765 /* ViewController.swift */ = {isa = PBXFileReference; lastKnownFileType = sourcecode.swift; path = ViewController.swift; sourceTree = "<group>"; };
		63C69DD71C7D039800556765 /* Base */ = {isa = PBXFileReference; lastKnownFileType = file.storyboard; name = Base; path = Base.lproj/Main.storyboard; sourceTree = "<group>"; };
		63C69DD91C7D039800556765 /* Assets.xcassets */ = {isa = PBXFileReference; lastKnownFileType = folder.assetcatalog; path = Assets.xcassets; sourceTree = "<group>"; };
		63C69DDC1C7D039800556765 /* Base */ = {isa = PBXFileReference; lastKnownFileType = file.storyboard; name = Base; path = Base.lproj/LaunchScreen.storyboard; sourceTree = "<group>"; };
		63C69DDE1C7D039800556765 /* Info.plist */ = {isa = PBXFileReference; lastKnownFileType = text.plist.xml; path = Info.plist; sourceTree = "<group>"; };
/* End PBXFileReference section */

/* Begin PBXFrameworksBuildPhase section */
		63C69DCC1C7D039800556765 /* Frameworks */ = {
			isa = PBXFrameworksBuildPhase;
			buildActionMask = 2147483647;
			files = (
			);
			runOnlyForDeploymentPostprocessing = 0;
		};
/* End PBXFrameworksBuildPhase section */

/* Begin PBXGroup section */
		63C69DC61C7D039800556765 = {
			isa = PBXGroup;
			children = (
				63C69DD11C7D039800556765 /* Ikonagram */,
				63C69DD01C7D039800556765 /* Products */,
			);
			sourceTree = "<group>";
		};
		63C69DD01C7D039800556765 /* Products */ = {
			isa = PBXGroup;
			children = (
				63C69DCF1C7D039800556765 /* Ikonagram.app */,
			);
			name = Products;
			sourceTree = "<group>";
		};
		63C69DD11C7D039800556765 /* Ikonagram */ = {
			isa = PBXGroup;
			children = (
				63C69DD21C7D039800556765 /* AppDelegate.swift */,
				63C69DD41C7D039800556765 /* ViewController.swift */,
				63C69DD61C7D039800556765 /* Main.storyboard */,
				63C69DD91C7D039800556765 /* Assets.xcassets */,
				63C69DDB1C7D039800556765 /* LaunchScreen.storyboard */,
				63C69DDE1C7D039800556765 /* Info.plist */,
			);
			path = Ikonagram;
			sourceTree = "<group>";
		};
/* End PBXGroup section */

/* Begin PBXNativeTarget section */
		63C69DCE1C7D039800556765 /* Ikonagram */ = {
			isa = PBXNativeTarget;
			buildConfigurationList = 63C69DE11C7D039800556765 /* Build configuration list for PBXNativeTarget "Ikonagram" */;
			buildPhases = (
				63C69DCB1C7D039800556765 /* Sources */,
				63C69DCC1C7D039800556765 /* Frameworks */,
				63C69DCD1C7D039800556765 /* Resources */,
			);
			buildRules = (
			);
			dependencies = (
			);
			name = Ikonagram;
			productName = Ikonagram;
			productReference = 63C69DCF1C7D039800556765 /* Ikonagram.app */;
			productType = "com.apple.product-type.application";
		};
/* End PBXNativeTarget section */

/* Begin PBXProject section */
		63C69DC71C7D039800556765 /* Project object */ = {
			isa = PBXProject;
			attributes = {
				LastSwiftUpdateCheck = 0720;
				LastUpgradeCheck = 0720;
				ORGANIZATIONNAME = "Kroleo Studios";
				TargetAttributes = {
					63C69DCE1C7D039800556765 = {
						CreatedOnToolsVersion = 7.2.1;
					};
				};
			};
			buildConfigurationList = 63C69DCA1C7D039800556765 /* Build configuration list for PBXProject "Ikonagram" */;
			compatibilityVersion = "Xcode 3.2";
			developmentRegion = English;
			hasScannedForEncodings = 0;
			knownRegions = (
				en,
				Base,
			);
			mainGroup = 63C69DC61C7D039800556765;
			productRefGroup = 63C69DD01C7D039800556765 /* Products */;
			projectDirPath = "";
			projectRoot = "";
			targets = (
				63C69DCE1C7D039800556765 /* Ikonagram */,
			);
		};
/* End PBXProject section */

/* Begin PBXResourcesBuildPhase section */
		63C69DCD1C7D039800556765 /* Resources */ = {
			isa = PBXResourcesBuildPhase;
			buildActionMask = 2147483647;
			files = (
				63C69DDD1C7D039800556765 /* LaunchScreen.storyboard in Resources */,
				63C69DDA1C7D039800556765 /* Assets.xcassets in Resources */,
				63C69DD81C7D039800556765 /* Main.storyboard in Resources */,
			);
			runOnlyForDeploymentPostprocessing = 0;
		};
/* End PBXResourcesBuildPhase section */

/* Begin PBXSourcesBuildPhase section */
		63C69DCB1C7D039800556765 /* Sources */ = {
			isa = PBXSourcesBuildPhase;
			buildActionMask = 2147483647;
			files = (
				63C69DD51C7D039800556765 /* ViewController.swift in Sources */,
				63C69DD31C7D039800556765 /* AppDelegate.swift in Sources */,
			);
			runOnlyForDeploymentPostprocessing = 0;
		};
/* End PBXSourcesBuildPhase section */

/* Begin PBXVariantGroup section */
		63C69DD61C7D039800556765 /* Main.storyboard */ = {
			isa = PBXVariantGroup;
			children = (
				63C69DD71C7D039800556765 /* Base */,
			);
			name = Main.storyboard;
			sourceTree = "<group>";
		};
		63C69DDB1C7D039800556765 /* LaunchScreen.storyboard */ = {
			isa = PBXVariantGroup;
			children = (
				63C69DDC1C7D039800556765 /* Base */,
			);
			name = LaunchScreen.storyboard;
			sourceTree = "<group>";
		};
/* End PBXVariantGroup section */

/* Begin XCBuildConfiguration section */
		63C69DDF1C7D039800556765 /* Debug */ = {
			isa = XCBuildConfiguration;
			buildSettings = {
				ALWAYS_SEARCH_USER_PATHS = NO;
				CLANG_CXX_LANGUAGE_STANDARD = "gnu++0x";
				CLANG_CXX_LIBRARY = "libc++";
				CLANG_ENABLE_MODULES = YES;
				CLANG_ENABLE_OBJC_ARC = YES;
				CLANG_WARN_BOOL_CONVERSION = YES;
				CLANG_WARN_CONSTANT_CONVERSION = YES;
				CLANG_WARN_DIRECT_OBJC_ISA_USAGE = YES_ERROR;
				CLANG_WARN_EMPTY_BODY = YES;
				CLANG_WARN_ENUM_CONVERSION = YES;
				CLANG_WARN_INT_CONVERSION = YES;
				CLANG_WARN_OBJC_ROOT_CLASS = YES_ERROR;
				CLANG_WARN_UNREACHABLE_CODE = YES;
				CLANG_WARN__DUPLICATE_METHOD_MATCH = YES;
				"CODE_SIGN_IDENTITY[sdk=iphoneos*]" = "iPhone Developer";
				COPY_PHASE_STRIP = NO;
				DEBUG_INFORMATION_FORMAT = dwarf;
				ENABLE_STRICT_OBJC_MSGSEND = YES;
				ENABLE_TESTABILITY = YES;
				GCC_C_LANGUAGE_STANDARD = gnu99;
				GCC_DYNAMIC_NO_PIC = NO;
				GCC_NO_COMMON_BLOCKS = YES;
				GCC_OPTIMIZATION_LEVEL = 0;
				GCC_PREPROCESSOR_DEFINITIONS = (
					"DEBUG=1",
					"$(inherited)",
				);
				GCC_WARN_64_TO_32_BIT_CONVERSION = YES;
				GCC_WARN_ABOUT_RETURN_TYPE = YES_ERROR;
				GCC_WARN_UNDECLARED_SELECTOR = YES;
				GCC_WARN_UNINITIALIZED_AUTOS = YES_AGGRESSIVE;
				GCC_WARN_UNUSED_FUNCTION = YES;
				GCC_WARN_UNUSED_VARIABLE = YES;
				IPHONEOS_DEPLOYMENT_TARGET = 9.2;
				MTL_ENABLE_DEBUG_INFO = YES;
				ONLY_ACTIVE_ARCH = YES;
				SDKROOT = iphoneos;
				SWIFT_OPTIMIZATION_LEVEL = "-Onone";
			};
			name = Debug;
		};
		63C69DE01C7D039800556765 /* Release */ = {
			isa = XCBuildConfiguration;
			buildSettings = {
				ALWAYS_SEARCH_USER_PATHS = NO;
				CLANG_CXX_LANGUAGE_STANDARD = "gnu++0x";
				CLANG_CXX_LIBRARY = "libc++";
				CLANG_ENABLE_MODULES = YES;
				CLANG_ENABLE_OBJC_ARC = YES;
				CLANG_WARN_BOOL_CONVERSION = YES;
				CLANG_WARN_CONSTANT_CONVERSION = YES;
				CLANG_WARN_DIRECT_OBJC_ISA_USAGE = YES_ERROR;
				CLANG_WARN_EMPTY_BODY = YES;
				CLANG_WARN_ENUM_CONVERSION = YES;
				CLANG_WARN_INT_CONVERSION = YES;
				CLANG_WARN_OBJC_ROOT_CLASS = YES_ERROR;
				CLANG_WARN_UNREACHABLE_CODE = YES;
				CLANG_WARN__DUPLICATE_METHOD_MATCH = YES;
				"CODE_SIGN_IDENTITY[sdk=iphoneos*]" = "iPhone Developer";
				COPY_PHASE_STRIP = NO;
				DEBUG_INFORMATION_FORMAT = "dwarf-with-dsym";
				ENABLE_NS_ASSERTIONS = NO;
				ENABLE_STRICT_OBJC_MSGSEND = YES;
				GCC_C_LANGUAGE_STANDARD = gnu99;
				GCC_NO_COMMON_BLOCKS = YES;
				GCC_WARN_64_TO_32_BIT_CONVERSION = YES;
				GCC_WARN_ABOUT_RETURN_TYPE = YES_ERROR;
				GCC_WARN_UNDECLARED_SELECTOR = YES;
				GCC_WARN_UNINITIALIZED_AUTOS = YES_AGGRESSIVE;
				GCC_WARN_UNUSED_FUNCTION = YES;
				GCC_WARN_UNUSED_VARIABLE = YES;
				IPHONEOS_DEPLOYMENT_TARGET = 9.2;
				MTL_ENABLE_DEBUG_INFO = NO;
				SDKROOT = iphoneos;
				VALIDATE_PRODUCT = YES;
			};
			name = Release;
		};
		63C69DE21C7D039800556765 /* Debug */ = {
			isa = XCBuildConfiguration;
			buildSettings = {
				ASSETCATALOG_COMPILER_APPICON_NAME = AppIcon;
				INFOPLIST_FILE = Ikonagram/Info.plist;
				LD_RUNPATH_SEARCH_PATHS = "$(inherited) @executable_path/Frameworks";
				PRODUCT_BUNDLE_IDENTIFIER = com.kroleo.Ikonagram;
				PRODUCT_NAME = "$(TARGET_NAME)";
			};
			name = Debug;
		};
		63C69DE31C7D039800556765 /* Release */ = {
			isa = XCBuildConfiguration;
			buildSettings = {
				ASSETCATALOG_COMPILER_APPICON_NAME = AppIcon;
				INFOPLIST_FILE = Ikonagram/Info.plist;
				LD_RUNPATH_SEARCH_PATHS = "$(inherited) @executable_path/Frameworks";
				PRODUCT_BUNDLE_IDENTIFIER = com.kroleo.Ikonagram;
				PRODUCT_NAME = "$(TARGET_NAME)";
			};
			name = Release;
		};
/* End XCBuildConfiguration section */

/* Begin XCConfigurationList section */
		63C69DCA1C7D039800556765 /* Build configuration list for PBXProject "Ikonagram" */ = {
			isa = XCConfigurationList;
			buildConfigurations = (
				63C69DDF1C7D039800556765 /* Debug */,
				63C69DE01C7D039800556765 /* Release */,
			);
			defaultConfigurationIsVisible = 0;
			defaultConfigurationName = Release;
		};
		63C69DE11C7D039800556765 /* Build configuration list for PBXNativeTarget "Ikonagram" */ = {
			isa = XCConfigurationList;
			buildConfigurations = (
				63C69DE21C7D039800556765 /* Debug */,
				63C69DE31C7D039800556765 /* Release */,
			);
			defaultConfigurationIsVisible = 0;
		};
/* End XCConfigurationList section */
	};
	rootObject = 63C69DC71C7D039800556765 /* Project object */;
}
